
Microsoft Visual Studio Solution File, Format Version 12.00
# Visual Studio Version 17
VisualStudioVersion = 17.8.34511.84
MinimumVisualStudioVersion = 10.0.40219.1
Project("{9A19103F-16F7-4668-BE54-9A1E7A4F7556}") = "estate_emporium", "estate-emporium\estate_emporium.csproj", "{287FEF0B-6F42-4DB6-819B-123B914603E5}"
EndProject
Global
	GlobalSection(SolutionConfigurationPlatforms) = preSolution
		Debug|Any CPU = Debug|Any CPU
		Release|Any CPU = Release|Any CPU
	EndGlobalSection
	GlobalSection(ProjectConfigurationPlatforms) = postSolution
		{287FEF0B-6F42-4DB6-819B-123B914603E5}.Debug|Any CPU.ActiveCfg = Debug|Any CPU
		{287FEF0B-6F42-4DB6-819B-123B914603E5}.Debug|Any CPU.Build.0 = Debug|Any CPU
		{287FEF0B-6F42-4DB6-819B-123B914603E5}.Release|Any CPU.ActiveCfg = Release|Any CPU
		{287FEF0B-6F42-4DB6-819B-123B914603E5}.Release|Any CPU.Build.0 = Release|Any CPU
	EndGlobalSection
	GlobalSection(SolutionProperties) = preSolution
		HideSolutionNode = FALSE
	EndGlobalSection
	GlobalSection(ExtensibilityGlobals) = postSolution
		SolutionGuid = {0CF2A343-C82B-4613-A732-5048D94AEC7A}
	EndGlobalSection
EndGlobal
